
Microsoft Visual Studio Solution File, Format Version 12.00
# Visual Studio Version 17
VisualStudioVersion = 17.8.34511.84
MinimumVisualStudioVersion = 10.0.40219.1
Project("{FAE04EC0-301F-11D3-BF4B-00C04F79EFBC}") = "NZWalksAPI", "NZWalksAPI\NZWalksAPI.csproj", "{18252429-3192-496D-8E9C-5D6D13D675D6}"
EndProject
Global
	GlobalSection(SolutionConfigurationPlatforms) = preSolution
		Debug|Any CPU = Debug|Any CPU
		Release|Any CPU = Release|Any CPU
	EndGlobalSection
	GlobalSection(ProjectConfigurationPlatforms) = postSolution
		{18252429-3192-496D-8E9C-5D6D13D675D6}.Debug|Any CPU.ActiveCfg = Debug|Any CPU
		{18252429-3192-496D-8E9C-5D6D13D675D6}.Debug|Any CPU.Build.0 = Debug|Any CPU
		{18252429-3192-496D-8E9C-5D6D13D675D6}.Release|Any CPU.ActiveCfg = Release|Any CPU
		{18252429-3192-496D-8E9C-5D6D13D675D6}.Release|Any CPU.Build.0 = Release|Any CPU
	EndGlobalSection
	GlobalSection(SolutionProperties) = preSolution
		HideSolutionNode = FALSE
	EndGlobalSection
	GlobalSection(ExtensibilityGlobals) = postSolution
		SolutionGuid = {824E61D3-C245-4680-BFCB-83142A015D60}
	EndGlobalSection
EndGlobal
